# This file is automatically @generated by Wally.
# It is not intended for manual editing.
registry = "test"

[[package]]
name = "call23re/camera-switcher"
version = "0.1.0"
dependencies = [["Hooks", "kampfkarren/roact-hooks@0.5.1"], ["Roact", "roblox/roact@1.4.4"]]

[[package]]
name = "kampfkarren/roact-hooks"
version = "0.5.1"
dependencies = []

[[package]]
name = "roblox/roact"
version = "1.4.4"
dependencies = []
